
Microsoft Visual Studio Solution File, Format Version 12.00
# Visual Studio Version 17
VisualStudioVersion = 17.1.32319.34
MinimumVisualStudioVersion = 10.0.40219.1
Project("{FAE04EC0-301F-11D3-BF4B-00C04F79EFBC}") = "Masami", "Masami.csproj", "{740DC4DE-62D1-4594-822D-5747AAEEE268}"
EndProject
Global
	GlobalSection(SolutionConfigurationPlatforms) = preSolution
		Debug|Any CPU = Debug|Any CPU
		Release|Any CPU = Release|Any CPU
	EndGlobalSection
	GlobalSection(ProjectConfigurationPlatforms) = postSolution
		{740DC4DE-62D1-4594-822D-5747AAEEE268}.Debug|Any CPU.ActiveCfg = Debug|Any CPU
		{740DC4DE-62D1-4594-822D-5747AAEEE268}.Debug|Any CPU.Build.0 = Debug|Any CPU
		{740DC4DE-62D1-4594-822D-5747AAEEE268}.Release|Any CPU.ActiveCfg = Release|Any CPU
		{740DC4DE-62D1-4594-822D-5747AAEEE268}.Release|Any CPU.Build.0 = Release|Any CPU
	EndGlobalSection
	GlobalSection(SolutionProperties) = preSolution
		HideSolutionNode = FALSE
	EndGlobalSection
	GlobalSection(ExtensibilityGlobals) = postSolution
		SolutionGuid = {A299E1AA-EB93-43BB-A88D-EB72ADF415CF}
	EndGlobalSection
EndGlobal
